
Microsoft Visual Studio Solution File, Format Version 10.00
# Visual Studio 2008
Project("{FAE04EC0-301F-11D3-BF4B-00C04F79EFBC}") = "MegaBookPrinter", "MegaBookPrinter\MegaBookPrinter.csproj", "{34D7D94C-95E6-49C1-9176-0165A361C350}"
EndProject
Project("{FAE04EC0-301F-11D3-BF4B-00C04F79EFBC}") = "MaskedTextBox", "MaskedTextBox\MaskedTextBox.csproj", "{3B832AB2-FD74-4D95-BA7D-7FB40DA47B98}"
EndProject
Global
	GlobalSection(SolutionConfigurationPlatforms) = preSolution
		Debug|Any CPU = Debug|Any CPU
		Release|Any CPU = Release|Any CPU
	EndGlobalSection
	GlobalSection(ProjectConfigurationPlatforms) = postSolution
		{34D7D94C-95E6-49C1-9176-0165A361C350}.Debug|Any CPU.ActiveCfg = Debug|Any CPU
		{34D7D94C-95E6-49C1-9176-0165A361C350}.Debug|Any CPU.Build.0 = Debug|Any CPU
		{34D7D94C-95E6-49C1-9176-0165A361C350}.Release|Any CPU.ActiveCfg = Release|Any CPU
		{34D7D94C-95E6-49C1-9176-0165A361C350}.Release|Any CPU.Build.0 = Release|Any CPU
		{3B832AB2-FD74-4D95-BA7D-7FB40DA47B98}.Debug|Any CPU.ActiveCfg = Debug|Any CPU
		{3B832AB2-FD74-4D95-BA7D-7FB40DA47B98}.Debug|Any CPU.Build.0 = Debug|Any CPU
		{3B832AB2-FD74-4D95-BA7D-7FB40DA47B98}.Release|Any CPU.ActiveCfg = Release|Any CPU
		{3B832AB2-FD74-4D95-BA7D-7FB40DA47B98}.Release|Any CPU.Build.0 = Release|Any CPU
	EndGlobalSection
	GlobalSection(SolutionProperties) = preSolution
		HideSolutionNode = FALSE
	EndGlobalSection
EndGlobal
